
Microsoft Visual Studio Solution File, Format Version 10.00
# Visual Studio 2008
Project("{8BC9CEB8-8B4A-11D0-8D11-00A0C91BC942}") = "core", "core\core.vcproj", "{E79B31C7-7535-4EFF-B7AB-E70A74BC4F5A}"
EndProject
Project("{8BC9CEB8-8B4A-11D0-8D11-00A0C91BC942}") = "BundleTestor", "BundleTestor\BundleTestor.vcproj", "{5FD6185B-D061-48ED-A428-29838DE647AA}"
EndProject
Project("{2150E333-8FDC-42A3-9474-1A3956D46DE8}") = "utils", "utils", "{57150BBD-B182-44AF-ABA2-17AD00BCB836}"
EndProject
Project("{2150E333-8FDC-42A3-9474-1A3956D46DE8}") = "demo", "demo", "{54943E73-4A4E-46BA-9BD2-D74679902BA4}"
EndProject
Project("{2150E333-8FDC-42A3-9474-1A3956D46DE8}") = "ui", "ui", "{770AE074-2DFE-45F7-B839-2BC25A4E5B0F}"
EndProject
Project("{8BC9CEB8-8B4A-11D0-8D11-00A0C91BC942}") = "AppWindow", "ui\AppWindow\AppWindow.vcproj", "{7B0292A6-DABB-4A37-8B3F-407F38FF9DD0}"
EndProject
Project("{8BC9CEB8-8B4A-11D0-8D11-00A0C91BC942}") = "AppDemo", "demo\AppDemo\AppDemo.vcproj", "{18034638-D53B-4CFA-AAD4-9AB6AB66163B}"
	ProjectSection(ProjectDependencies) = postProject
		{7B0292A6-DABB-4A37-8B3F-407F38FF9DD0} = {7B0292A6-DABB-4A37-8B3F-407F38FF9DD0}
	EndProjectSection
EndProject
Project("{8BC9CEB8-8B4A-11D0-8D11-00A0C91BC942}") = "WtlDemo", "demo\WtlDemo\WtlDemo.vcproj", "{F136CFBB-BDC7-4A5A-BA31-33F0793A52A9}"
EndProject
Project("{2150E333-8FDC-42A3-9474-1A3956D46DE8}") = "GameDemo", "GameDemo", "{52ED6679-48B3-4726-BAA0-72A9E9A4A893}"
EndProject
Project("{8BC9CEB8-8B4A-11D0-8D11-00A0C91BC942}") = "GameMain", "demo\GameDemo\GameMain\GameMain.vcproj", "{6DDD647C-2986-4C0E-A6CA-9A0B07382DE8}"
EndProject
Project("{8BC9CEB8-8B4A-11D0-8D11-00A0C91BC942}") = "Weapon", "demo\GameDemo\Weapon\Weapon.vcproj", "{A2EE11CD-FBAE-4385-ACD7-0ECCC47939CA}"
EndProject
Project("{8BC9CEB8-8B4A-11D0-8D11-00A0C91BC942}") = "Role", "demo\GameDemo\Role\Role.vcproj", "{6560921E-D0E4-4140-81E6-8A6628B3A9C7}"
EndProject
Project("{8BC9CEB8-8B4A-11D0-8D11-00A0C91BC942}") = "AlloyTimer", "demo\AlloyTimer\AlloyTimer.vcproj", "{75FE09D8-389D-4C80-8E96-0E1031766ACA}"
EndProject
Project("{8BC9CEB8-8B4A-11D0-8D11-00A0C91BC942}") = "IO", "utils\IO\IO.vcproj", "{6FAF664A-D3AC-4BF8-B998-B0107A2CEFB2}"
EndProject
Project("{2150E333-8FDC-42A3-9474-1A3956D46DE8}") = "unit", "unit", "{F6D5D304-972E-4651-8269-C02E42AC82AE}"
EndProject
Project("{8BC9CEB8-8B4A-11D0-8D11-00A0C91BC942}") = "logger", "utils\log\log.vcproj", "{D834E946-EFCC-4C61-9713-592B5542BDCE}"
EndProject
Global
	GlobalSection(SolutionConfigurationPlatforms) = preSolution
		Debug|Win32 = Debug|Win32
		Release|Win32 = Release|Win32
	EndGlobalSection
	GlobalSection(ProjectConfigurationPlatforms) = postSolution
		{E79B31C7-7535-4EFF-B7AB-E70A74BC4F5A}.Debug|Win32.ActiveCfg = Debug|Win32
		{E79B31C7-7535-4EFF-B7AB-E70A74BC4F5A}.Debug|Win32.Build.0 = Debug|Win32
		{E79B31C7-7535-4EFF-B7AB-E70A74BC4F5A}.Release|Win32.ActiveCfg = Release|Win32
		{E79B31C7-7535-4EFF-B7AB-E70A74BC4F5A}.Release|Win32.Build.0 = Release|Win32
		{5FD6185B-D061-48ED-A428-29838DE647AA}.Debug|Win32.ActiveCfg = Debug|Win32
		{5FD6185B-D061-48ED-A428-29838DE647AA}.Debug|Win32.Build.0 = Debug|Win32
		{5FD6185B-D061-48ED-A428-29838DE647AA}.Release|Win32.ActiveCfg = Release|Win32
		{5FD6185B-D061-48ED-A428-29838DE647AA}.Release|Win32.Build.0 = Release|Win32
		{7B0292A6-DABB-4A37-8B3F-407F38FF9DD0}.Debug|Win32.ActiveCfg = Debug|Win32
		{7B0292A6-DABB-4A37-8B3F-407F38FF9DD0}.Debug|Win32.Build.0 = Debug|Win32
		{7B0292A6-DABB-4A37-8B3F-407F38FF9DD0}.Release|Win32.ActiveCfg = Release|Win32
		{7B0292A6-DABB-4A37-8B3F-407F38FF9DD0}.Release|Win32.Build.0 = Release|Win32
		{18034638-D53B-4CFA-AAD4-9AB6AB66163B}.Debug|Win32.ActiveCfg = Debug|Win32
		{18034638-D53B-4CFA-AAD4-9AB6AB66163B}.Debug|Win32.Build.0 = Debug|Win32
		{18034638-D53B-4CFA-AAD4-9AB6AB66163B}.Release|Win32.ActiveCfg = Release|Win32
		{18034638-D53B-4CFA-AAD4-9AB6AB66163B}.Release|Win32.Build.0 = Release|Win32
		{F136CFBB-BDC7-4A5A-BA31-33F0793A52A9}.Debug|Win32.ActiveCfg = Debug|Win32
		{F136CFBB-BDC7-4A5A-BA31-33F0793A52A9}.Debug|Win32.Build.0 = Debug|Win32
		{F136CFBB-BDC7-4A5A-BA31-33F0793A52A9}.Release|Win32.ActiveCfg = Release|Win32
		{F136CFBB-BDC7-4A5A-BA31-33F0793A52A9}.Release|Win32.Build.0 = Release|Win32
		{6DDD647C-2986-4C0E-A6CA-9A0B07382DE8}.Debug|Win32.ActiveCfg = Debug|Win32
		{6DDD647C-2986-4C0E-A6CA-9A0B07382DE8}.Debug|Win32.Build.0 = Debug|Win32
		{6DDD647C-2986-4C0E-A6CA-9A0B07382DE8}.Release|Win32.ActiveCfg = Release|Win32
		{6DDD647C-2986-4C0E-A6CA-9A0B07382DE8}.Release|Win32.Build.0 = Release|Win32
		{A2EE11CD-FBAE-4385-ACD7-0ECCC47939CA}.Debug|Win32.ActiveCfg = Debug|Win32
		{A2EE11CD-FBAE-4385-ACD7-0ECCC47939CA}.Debug|Win32.Build.0 = Debug|Win32
		{A2EE11CD-FBAE-4385-ACD7-0ECCC47939CA}.Release|Win32.ActiveCfg = Release|Win32
		{A2EE11CD-FBAE-4385-ACD7-0ECCC47939CA}.Release|Win32.Build.0 = Release|Win32
		{6560921E-D0E4-4140-81E6-8A6628B3A9C7}.Debug|Win32.ActiveCfg = Debug|Win32
		{6560921E-D0E4-4140-81E6-8A6628B3A9C7}.Debug|Win32.Build.0 = Debug|Win32
		{6560921E-D0E4-4140-81E6-8A6628B3A9C7}.Release|Win32.ActiveCfg = Release|Win32
		{6560921E-D0E4-4140-81E6-8A6628B3A9C7}.Release|Win32.Build.0 = Release|Win32
		{75FE09D8-389D-4C80-8E96-0E1031766ACA}.Debug|Win32.ActiveCfg = Debug|Win32
		{75FE09D8-389D-4C80-8E96-0E1031766ACA}.Debug|Win32.Build.0 = Debug|Win32
		{75FE09D8-389D-4C80-8E96-0E1031766ACA}.Release|Win32.ActiveCfg = Release|Win32
		{75FE09D8-389D-4C80-8E96-0E1031766ACA}.Release|Win32.Build.0 = Release|Win32
		{6FAF664A-D3AC-4BF8-B998-B0107A2CEFB2}.Debug|Win32.ActiveCfg = Debug|Win32
		{6FAF664A-D3AC-4BF8-B998-B0107A2CEFB2}.Debug|Win32.Build.0 = Debug|Win32
		{6FAF664A-D3AC-4BF8-B998-B0107A2CEFB2}.Release|Win32.ActiveCfg = Release|Win32
		{6FAF664A-D3AC-4BF8-B998-B0107A2CEFB2}.Release|Win32.Build.0 = Release|Win32
		{D834E946-EFCC-4C61-9713-592B5542BDCE}.Debug|Win32.ActiveCfg = Debug|Win32
		{D834E946-EFCC-4C61-9713-592B5542BDCE}.Debug|Win32.Build.0 = Debug|Win32
		{D834E946-EFCC-4C61-9713-592B5542BDCE}.Release|Win32.ActiveCfg = Release|Win32
		{D834E946-EFCC-4C61-9713-592B5542BDCE}.Release|Win32.Build.0 = Release|Win32
	EndGlobalSection
	GlobalSection(SolutionProperties) = preSolution
		HideSolutionNode = FALSE
	EndGlobalSection
	GlobalSection(NestedProjects) = preSolution
		{6FAF664A-D3AC-4BF8-B998-B0107A2CEFB2} = {57150BBD-B182-44AF-ABA2-17AD00BCB836}
		{D834E946-EFCC-4C61-9713-592B5542BDCE} = {57150BBD-B182-44AF-ABA2-17AD00BCB836}
		{18034638-D53B-4CFA-AAD4-9AB6AB66163B} = {54943E73-4A4E-46BA-9BD2-D74679902BA4}
		{F136CFBB-BDC7-4A5A-BA31-33F0793A52A9} = {54943E73-4A4E-46BA-9BD2-D74679902BA4}
		{52ED6679-48B3-4726-BAA0-72A9E9A4A893} = {54943E73-4A4E-46BA-9BD2-D74679902BA4}
		{75FE09D8-389D-4C80-8E96-0E1031766ACA} = {54943E73-4A4E-46BA-9BD2-D74679902BA4}
		{7B0292A6-DABB-4A37-8B3F-407F38FF9DD0} = {770AE074-2DFE-45F7-B839-2BC25A4E5B0F}
		{6DDD647C-2986-4C0E-A6CA-9A0B07382DE8} = {52ED6679-48B3-4726-BAA0-72A9E9A4A893}
		{A2EE11CD-FBAE-4385-ACD7-0ECCC47939CA} = {52ED6679-48B3-4726-BAA0-72A9E9A4A893}
		{6560921E-D0E4-4140-81E6-8A6628B3A9C7} = {52ED6679-48B3-4726-BAA0-72A9E9A4A893}
	EndGlobalSection
EndGlobal
